
Microsoft Visual Studio Solution File, Format Version 12.00
# Visual Studio 14
VisualStudioVersion = 14.0.25420.1
MinimumVisualStudioVersion = 10.0.40219.1
Project("{FAE04EC0-301F-11D3-BF4B-00C04F79EFBC}") = "Road", "Road\Road.csproj", "{5B618A6B-B280-46F1-AB83-50ABA6D9E5FB}"
EndProject
Global
	GlobalSection(SolutionConfigurationPlatforms) = preSolution
		Debug|Any CPU = Debug|Any CPU
		Release|Any CPU = Release|Any CPU
	EndGlobalSection
	GlobalSection(ProjectConfigurationPlatforms) = postSolution
		{5B618A6B-B280-46F1-AB83-50ABA6D9E5FB}.Debug|Any CPU.ActiveCfg = Debug|Any CPU
		{5B618A6B-B280-46F1-AB83-50ABA6D9E5FB}.Debug|Any CPU.Build.0 = Debug|Any CPU
		{5B618A6B-B280-46F1-AB83-50ABA6D9E5FB}.Release|Any CPU.ActiveCfg = Release|Any CPU
		{5B618A6B-B280-46F1-AB83-50ABA6D9E5FB}.Release|Any CPU.Build.0 = Release|Any CPU
	EndGlobalSection
	GlobalSection(SolutionProperties) = preSolution
		HideSolutionNode = FALSE
	EndGlobalSection
EndGlobal
